// !$*UTF8*$!
{
	archiveVersion = 1;
	classes = {
	};
	objectVersion = 46;
	objects = {

/* Begin PBXBuildFile section */
		4A9B6DC219BA6E19008D3863 /* MOChild.swift in Sources */ = {isa = PBXBuildFile; fileRef = 4A9B6DC119BA6E19008D3863 /* MOChild.swift */; };
		4ADAF5B719BA1FC100F81B39 /* MOPlayDateExtension.swift in Sources */ = {isa = PBXBuildFile; fileRef = 4ADAF5B619BA1FC100F81B39 /* MOPlayDateExtension.swift */; };
		4ADAF5C319BA25AA00F81B39 /* MOChildExtension.swift in Sources */ = {isa = PBXBuildFile; fileRef = 4ADAF5C219BA25AA00F81B39 /* MOChildExtension.swift */; };
		4ADAF5CB19BA2F8300F81B39 /* MOInvitationExtension.swift in Sources */ = {isa = PBXBuildFile; fileRef = 4ADAF5CA19BA2F8300F81B39 /* MOInvitationExtension.swift */; };
		4ADAF5D119BA372300F81B39 /* MOPlayDate.swift in Sources */ = {isa = PBXBuildFile; fileRef = 4ADAF5D019BA372300F81B39 /* MOPlayDate.swift */; };
		4ADAF5D319BA372300F81B39 /* MOInvitation.swift in Sources */ = {isa = PBXBuildFile; fileRef = 4ADAF5D219BA372300F81B39 /* MOInvitation.swift */; };
		4ADAF5D519BA372300F81B39 /* MOUser.swift in Sources */ = {isa = PBXBuildFile; fileRef = 4ADAF5D419BA372300F81B39 /* MOUser.swift */; };
		4AEBD6B919B977A4007E714F /* CoreDataModelManager.swift in Sources */ = {isa = PBXBuildFile; fileRef = 4AEBD6B819B977A4007E714F /* CoreDataModelManager.swift */; };
		4AEBD6BB19B9E5DA007E714F /* ModelUtil.swift in Sources */ = {isa = PBXBuildFile; fileRef = 4AEBD6BA19B9E5DA007E714F /* ModelUtil.swift */; };
		4AEBD6BD19BA005D007E714F /* MOUserExtension.swift in Sources */ = {isa = PBXBuildFile; fileRef = 4AEBD6BC19BA005D007E714F /* MOUserExtension.swift */; };
		4AF5776519BA4D47006D2DDF /* Fetchable.swift in Sources */ = {isa = PBXBuildFile; fileRef = 4AF5776419BA4D47006D2DDF /* Fetchable.swift */; };
		6898E2E64ECB416FBED9B3BE /* libPods.a in Frameworks */ = {isa = PBXBuildFile; fileRef = B39E5BBCC8074B6380BF3396 /* libPods.a */; };
		785E33F819BA427A003D7048 /* ChildHeadCell.swift in Sources */ = {isa = PBXBuildFile; fileRef = 785E33F619BA427A003D7048 /* ChildHeadCell.swift */; };
		785E33F919BA427A003D7048 /* MainViewController.swift in Sources */ = {isa = PBXBuildFile; fileRef = 785E33F719BA427A003D7048 /* MainViewController.swift */; };
		785E33FF19BA6921003D7048 /* OpenSans-Regular.ttf in Resources */ = {isa = PBXBuildFile; fileRef = 785E33FE19BA6921003D7048 /* OpenSans-Regular.ttf */; };
		785E340119BA6928003D7048 /* OpenSans-Semibold.ttf in Resources */ = {isa = PBXBuildFile; fileRef = 785E340019BA6928003D7048 /* OpenSans-Semibold.ttf */; };
		785E340319BA6BCD003D7048 /* CircleImageView.swift in Sources */ = {isa = PBXBuildFile; fileRef = 785E340219BA6BCC003D7048 /* CircleImageView.swift */; };
		785E340619BA6F4E003D7048 /* red-plus@2x.png in Resources */ = {isa = PBXBuildFile; fileRef = 785E340519BA6F4E003D7048 /* red-plus@2x.png */; };
		785E340819BA6F73003D7048 /* red-plus.png in Resources */ = {isa = PBXBuildFile; fileRef = 785E340719BA6F73003D7048 /* red-plus.png */; };
		786ABE9619B9685D006EFA96 /* AppDelegate.swift in Sources */ = {isa = PBXBuildFile; fileRef = 786ABE9519B9685D006EFA96 /* AppDelegate.swift */; };
		786ABE9919B9685D006EFA96 /* Wolf_Pack.xcdatamodeld in Sources */ = {isa = PBXBuildFile; fileRef = 786ABE9719B9685D006EFA96 /* Wolf_Pack.xcdatamodeld */; };
		786ABE9B19B9685D006EFA96 /* ViewController.swift in Sources */ = {isa = PBXBuildFile; fileRef = 786ABE9A19B9685D006EFA96 /* ViewController.swift */; };
		786ABE9E19B9685D006EFA96 /* Main.storyboard in Resources */ = {isa = PBXBuildFile; fileRef = 786ABE9C19B9685D006EFA96 /* Main.storyboard */; };
		786ABEA019B9685D006EFA96 /* Images.xcassets in Resources */ = {isa = PBXBuildFile; fileRef = 786ABE9F19B9685D006EFA96 /* Images.xcassets */; };
		786ABEAC19B9685D006EFA96 /* Wolf_PackTests.swift in Sources */ = {isa = PBXBuildFile; fileRef = 786ABEAB19B9685D006EFA96 /* Wolf_PackTests.swift */; };
		786ABEB719B96FC9006EFA96 /* MockData.swift in Sources */ = {isa = PBXBuildFile; fileRef = 786ABEB619B96FC9006EFA96 /* MockData.swift */; };
		786ABEBE19BA2344006EFA96 /* FromJSON.swift in Sources */ = {isa = PBXBuildFile; fileRef = 786ABEBD19BA2344006EFA96 /* FromJSON.swift */; };
		786ABEC119BA2813006EFA96 /* SwiftyJSON.swift in Sources */ = {isa = PBXBuildFile; fileRef = 786ABEC019BA2813006EFA96 /* SwiftyJSON.swift */; };
		7894840619BAA9F000211104 /* InvitationStatus.swift in Sources */ = {isa = PBXBuildFile; fileRef = 7894840519BAA9F000211104 /* InvitationStatus.swift */; };
		7894840819BB4DF000211104 /* InvitePlayDate.storyboard in Resources */ = {isa = PBXBuildFile; fileRef = 7894840719BB4DF000211104 /* InvitePlayDate.storyboard */; };
		7894840A19BB500D00211104 /* InvitePlayDateViewController.swift in Sources */ = {isa = PBXBuildFile; fileRef = 7894840919BB500D00211104 /* InvitePlayDateViewController.swift */; };
		7894840C19BB625100211104 /* MyPlayDate.storyboard in Resources */ = {isa = PBXBuildFile; fileRef = 7894840B19BB625100211104 /* MyPlayDate.storyboard */; };
		7894841119BB70F900211104 /* BlurryImageView.swift in Sources */ = {isa = PBXBuildFile; fileRef = 7894841019BB70F900211104 /* BlurryImageView.swift */; };
		7894841519BB79AC00211104 /* check.png in Resources */ = {isa = PBXBuildFile; fileRef = 7894841219BB79AC00211104 /* check.png */; };
		7894841619BB79AC00211104 /* menu-blue.png in Resources */ = {isa = PBXBuildFile; fileRef = 7894841319BB79AC00211104 /* menu-blue.png */; };
		7894841719BB79AC00211104 /* menu.png in Resources */ = {isa = PBXBuildFile; fileRef = 7894841419BB79AC00211104 /* menu.png */; };
		7894841919BB79C000211104 /* check@2x.png in Resources */ = {isa = PBXBuildFile; fileRef = 7894841819BB79C000211104 /* check@2x.png */; };
		7894841B19BB79DB00211104 /* menu-blue@2x.png in Resources */ = {isa = PBXBuildFile; fileRef = 7894841A19BB79DB00211104 /* menu-blue@2x.png */; };
		7894841D19BB79E200211104 /* menu@2x.png in Resources */ = {isa = PBXBuildFile; fileRef = 7894841C19BB79E200211104 /* menu@2x.png */; };
		7894842219BB843B00211104 /* AWCollectionViewDialLayout.m in Sources */ = {isa = PBXBuildFile; fileRef = 7894842119BB843B00211104 /* AWCollectionViewDialLayout.m */; };
		7894842719BB8A1400211104 /* WolfPawLayout.swift in Sources */ = {isa = PBXBuildFile; fileRef = 7894842619BB8A1400211104 /* WolfPawLayout.swift */; };
		7894842B19BB925E00211104 /* iCarousel.m in Sources */ = {isa = PBXBuildFile; fileRef = 7894842A19BB925E00211104 /* iCarousel.m */; };
		78A4BDEA19BBA38A0079B1DE /* close-white_10.png in Resources */ = {isa = PBXBuildFile; fileRef = 78A4BDE619BBA38A0079B1DE /* close-white_10.png */; };
		78A4BDEB19BBA38A0079B1DE /* close-white_10@2x.png in Resources */ = {isa = PBXBuildFile; fileRef = 78A4BDE719BBA38A0079B1DE /* close-white_10@2x.png */; };
		78A4BDEC19BBA38A0079B1DE /* close.png in Resources */ = {isa = PBXBuildFile; fileRef = 78A4BDE819BBA38A0079B1DE /* close.png */; };
		78A4BDED19BBA38A0079B1DE /* close@2x.png in Resources */ = {isa = PBXBuildFile; fileRef = 78A4BDE919BBA38A0079B1DE /* close@2x.png */; };
		78A4BDEF19BBAD4F0079B1DE /* badge@2x.png in Resources */ = {isa = PBXBuildFile; fileRef = 78A4BDEE19BBAD4F0079B1DE /* badge@2x.png */; };
		DA1B7B8819BB05C900D28643 /* MyPlayDateViewController.swift in Sources */ = {isa = PBXBuildFile; fileRef = DA1B7B8719BB05C900D28643 /* MyPlayDateViewController.swift */; };
		DA50683519BB11FA007B1C02 /* MessagesViewController.swift in Sources */ = {isa = PBXBuildFile; fileRef = DA50683419BB11FA007B1C02 /* MessagesViewController.swift */; };
		DA50683719BB12D4007B1C02 /* ComposeMessageViewController.swift in Sources */ = {isa = PBXBuildFile; fileRef = DA50683619BB12D4007B1C02 /* ComposeMessageViewController.swift */; };
/* End PBXBuildFile section */

/* Begin PBXContainerItemProxy section */
		786ABEA619B9685D006EFA96 /* PBXContainerItemProxy */ = {
			isa = PBXContainerItemProxy;
			containerPortal = 786ABE8819B9685D006EFA96 /* Project object */;
			proxyType = 1;
			remoteGlobalIDString = 786ABE8F19B9685D006EFA96;
			remoteInfo = "Wolf Pack";
		};
/* End PBXContainerItemProxy section */

/* Begin PBXFileReference section */
		4A9B6DC119BA6E19008D3863 /* MOChild.swift */ = {isa = PBXFileReference; fileEncoding = 4; lastKnownFileType = sourcecode.swift; path = MOChild.swift; sourceTree = "<group>"; };
		4ADAF5B619BA1FC100F81B39 /* MOPlayDateExtension.swift */ = {isa = PBXFileReference; fileEncoding = 4; lastKnownFileType = sourcecode.swift; path = MOPlayDateExtension.swift; sourceTree = "<group>"; };
		4ADAF5C219BA25AA00F81B39 /* MOChildExtension.swift */ = {isa = PBXFileReference; fileEncoding = 4; lastKnownFileType = sourcecode.swift; path = MOChildExtension.swift; sourceTree = "<group>"; };
		4ADAF5CA19BA2F8300F81B39 /* MOInvitationExtension.swift */ = {isa = PBXFileReference; fileEncoding = 4; lastKnownFileType = sourcecode.swift; path = MOInvitationExtension.swift; sourceTree = "<group>"; };
		4ADAF5D019BA372300F81B39 /* MOPlayDate.swift */ = {isa = PBXFileReference; fileEncoding = 4; lastKnownFileType = sourcecode.swift; path = MOPlayDate.swift; sourceTree = "<group>"; };
		4ADAF5D219BA372300F81B39 /* MOInvitation.swift */ = {isa = PBXFileReference; fileEncoding = 4; lastKnownFileType = sourcecode.swift; path = MOInvitation.swift; sourceTree = "<group>"; };
		4ADAF5D419BA372300F81B39 /* MOUser.swift */ = {isa = PBXFileReference; fileEncoding = 4; lastKnownFileType = sourcecode.swift; path = MOUser.swift; sourceTree = "<group>"; };
		4AEBD6B419B9750E007E714F /* Wolf Pack-Bridging-Header.h */ = {isa = PBXFileReference; lastKnownFileType = sourcecode.c.h; path = "Wolf Pack-Bridging-Header.h"; sourceTree = "<group>"; };
		4AEBD6B819B977A4007E714F /* CoreDataModelManager.swift */ = {isa = PBXFileReference; fileEncoding = 4; lastKnownFileType = sourcecode.swift; path = CoreDataModelManager.swift; sourceTree = "<group>"; };
		4AEBD6BA19B9E5DA007E714F /* ModelUtil.swift */ = {isa = PBXFileReference; fileEncoding = 4; lastKnownFileType = sourcecode.swift; path = ModelUtil.swift; sourceTree = "<group>"; };
		4AEBD6BC19BA005D007E714F /* MOUserExtension.swift */ = {isa = PBXFileReference; fileEncoding = 4; lastKnownFileType = sourcecode.swift; path = MOUserExtension.swift; sourceTree = "<group>"; };
		4AF5776419BA4D47006D2DDF /* Fetchable.swift */ = {isa = PBXFileReference; fileEncoding = 4; lastKnownFileType = sourcecode.swift; path = Fetchable.swift; sourceTree = "<group>"; };
		785E33F619BA427A003D7048 /* ChildHeadCell.swift */ = {isa = PBXFileReference; fileEncoding = 4; lastKnownFileType = sourcecode.swift; path = ChildHeadCell.swift; sourceTree = "<group>"; };
		785E33F719BA427A003D7048 /* MainViewController.swift */ = {isa = PBXFileReference; fileEncoding = 4; lastKnownFileType = sourcecode.swift; path = MainViewController.swift; sourceTree = "<group>"; };
		785E33FE19BA6921003D7048 /* OpenSans-Regular.ttf */ = {isa = PBXFileReference; lastKnownFileType = file; path = "OpenSans-Regular.ttf"; sourceTree = "<group>"; };
		785E340019BA6928003D7048 /* OpenSans-Semibold.ttf */ = {isa = PBXFileReference; lastKnownFileType = file; path = "OpenSans-Semibold.ttf"; sourceTree = "<group>"; };
		785E340219BA6BCC003D7048 /* CircleImageView.swift */ = {isa = PBXFileReference; fileEncoding = 4; lastKnownFileType = sourcecode.swift; path = CircleImageView.swift; sourceTree = "<group>"; };
		785E340519BA6F4E003D7048 /* red-plus@2x.png */ = {isa = PBXFileReference; lastKnownFileType = image.png; path = "red-plus@2x.png"; sourceTree = "<group>"; };
		785E340719BA6F73003D7048 /* red-plus.png */ = {isa = PBXFileReference; lastKnownFileType = image.png; path = "red-plus.png"; sourceTree = "<group>"; };
		786ABE9019B9685D006EFA96 /* Wolf Pack.app */ = {isa = PBXFileReference; explicitFileType = wrapper.application; includeInIndex = 0; path = "Wolf Pack.app"; sourceTree = BUILT_PRODUCTS_DIR; };
		786ABE9419B9685D006EFA96 /* Info.plist */ = {isa = PBXFileReference; lastKnownFileType = text.plist.xml; path = Info.plist; sourceTree = "<group>"; };
		786ABE9519B9685D006EFA96 /* AppDelegate.swift */ = {isa = PBXFileReference; lastKnownFileType = sourcecode.swift; path = AppDelegate.swift; sourceTree = "<group>"; };
		786ABE9819B9685D006EFA96 /* Wolf_Pack.xcdatamodel */ = {isa = PBXFileReference; lastKnownFileType = wrapper.xcdatamodel; path = Wolf_Pack.xcdatamodel; sourceTree = "<group>"; };
		786ABE9A19B9685D006EFA96 /* ViewController.swift */ = {isa = PBXFileReference; lastKnownFileType = sourcecode.swift; path = ViewController.swift; sourceTree = "<group>"; };
		786ABE9D19B9685D006EFA96 /* Base */ = {isa = PBXFileReference; lastKnownFileType = file.storyboard; name = Base; path = Base.lproj/Main.storyboard; sourceTree = "<group>"; };
		786ABE9F19B9685D006EFA96 /* Images.xcassets */ = {isa = PBXFileReference; lastKnownFileType = folder.assetcatalog; path = Images.xcassets; sourceTree = "<group>"; };
		786ABEA519B9685D006EFA96 /* Wolf PackTests.xctest */ = {isa = PBXFileReference; explicitFileType = wrapper.cfbundle; includeInIndex = 0; path = "Wolf PackTests.xctest"; sourceTree = BUILT_PRODUCTS_DIR; };
		786ABEAA19B9685D006EFA96 /* Info.plist */ = {isa = PBXFileReference; lastKnownFileType = text.plist.xml; path = Info.plist; sourceTree = "<group>"; };
		786ABEAB19B9685D006EFA96 /* Wolf_PackTests.swift */ = {isa = PBXFileReference; lastKnownFileType = sourcecode.swift; path = Wolf_PackTests.swift; sourceTree = "<group>"; };
		786ABEB619B96FC9006EFA96 /* MockData.swift */ = {isa = PBXFileReference; fileEncoding = 4; lastKnownFileType = sourcecode.swift; path = MockData.swift; sourceTree = "<group>"; };
		786ABEBD19BA2344006EFA96 /* FromJSON.swift */ = {isa = PBXFileReference; fileEncoding = 4; lastKnownFileType = sourcecode.swift; path = FromJSON.swift; sourceTree = "<group>"; };
		786ABEC019BA2813006EFA96 /* SwiftyJSON.swift */ = {isa = PBXFileReference; fileEncoding = 4; lastKnownFileType = sourcecode.swift; path = SwiftyJSON.swift; sourceTree = "<group>"; };
		7894840519BAA9F000211104 /* InvitationStatus.swift */ = {isa = PBXFileReference; fileEncoding = 4; lastKnownFileType = sourcecode.swift; path = InvitationStatus.swift; sourceTree = "<group>"; };
		7894840719BB4DF000211104 /* InvitePlayDate.storyboard */ = {isa = PBXFileReference; fileEncoding = 4; lastKnownFileType = file.storyboard; path = InvitePlayDate.storyboard; sourceTree = "<group>"; };
		7894840919BB500D00211104 /* InvitePlayDateViewController.swift */ = {isa = PBXFileReference; fileEncoding = 4; lastKnownFileType = sourcecode.swift; path = InvitePlayDateViewController.swift; sourceTree = "<group>"; };
		7894840B19BB625100211104 /* MyPlayDate.storyboard */ = {isa = PBXFileReference; fileEncoding = 4; lastKnownFileType = file.storyboard; path = MyPlayDate.storyboard; sourceTree = "<group>"; };
		7894841019BB70F900211104 /* BlurryImageView.swift */ = {isa = PBXFileReference; fileEncoding = 4; lastKnownFileType = sourcecode.swift; path = BlurryImageView.swift; sourceTree = "<group>"; };
		7894841219BB79AC00211104 /* check.png */ = {isa = PBXFileReference; lastKnownFileType = image.png; path = check.png; sourceTree = "<group>"; };
		7894841319BB79AC00211104 /* menu-blue.png */ = {isa = PBXFileReference; lastKnownFileType = image.png; path = "menu-blue.png"; sourceTree = "<group>"; };
		7894841419BB79AC00211104 /* menu.png */ = {isa = PBXFileReference; lastKnownFileType = image.png; path = menu.png; sourceTree = "<group>"; };
		7894841819BB79C000211104 /* check@2x.png */ = {isa = PBXFileReference; lastKnownFileType = image.png; path = "check@2x.png"; sourceTree = "<group>"; };
		7894841A19BB79DB00211104 /* menu-blue@2x.png */ = {isa = PBXFileReference; lastKnownFileType = image.png; path = "menu-blue@2x.png"; sourceTree = "<group>"; };
		7894841C19BB79E200211104 /* menu@2x.png */ = {isa = PBXFileReference; lastKnownFileType = image.png; path = "menu@2x.png"; sourceTree = "<group>"; };
		7894842019BB843B00211104 /* AWCollectionViewDialLayout.h */ = {isa = PBXFileReference; fileEncoding = 4; lastKnownFileType = sourcecode.c.h; path = AWCollectionViewDialLayout.h; sourceTree = "<group>"; };
		7894842119BB843B00211104 /* AWCollectionViewDialLayout.m */ = {isa = PBXFileReference; fileEncoding = 4; lastKnownFileType = sourcecode.c.objc; path = AWCollectionViewDialLayout.m; sourceTree = "<group>"; };
		7894842619BB8A1400211104 /* WolfPawLayout.swift */ = {isa = PBXFileReference; fileEncoding = 4; lastKnownFileType = sourcecode.swift; path = WolfPawLayout.swift; sourceTree = "<group>"; };
		7894842919BB925E00211104 /* iCarousel.h */ = {isa = PBXFileReference; fileEncoding = 4; lastKnownFileType = sourcecode.c.h; name = iCarousel.h; path = iCarousel/iCarousel.h; sourceTree = "<group>"; };
		7894842A19BB925E00211104 /* iCarousel.m */ = {isa = PBXFileReference; fileEncoding = 4; lastKnownFileType = sourcecode.c.objc; name = iCarousel.m; path = iCarousel/iCarousel.m; sourceTree = "<group>"; };
		78A4BDE619BBA38A0079B1DE /* close-white_10.png */ = {isa = PBXFileReference; lastKnownFileType = image.png; path = "close-white_10.png"; sourceTree = "<group>"; };
		78A4BDE719BBA38A0079B1DE /* close-white_10@2x.png */ = {isa = PBXFileReference; lastKnownFileType = image.png; path = "close-white_10@2x.png"; sourceTree = "<group>"; };
		78A4BDE819BBA38A0079B1DE /* close.png */ = {isa = PBXFileReference; lastKnownFileType = image.png; path = close.png; sourceTree = "<group>"; };
		78A4BDE919BBA38A0079B1DE /* close@2x.png */ = {isa = PBXFileReference; lastKnownFileType = image.png; path = "close@2x.png"; sourceTree = "<group>"; };
		78A4BDEE19BBAD4F0079B1DE /* badge@2x.png */ = {isa = PBXFileReference; lastKnownFileType = image.png; path = "badge@2x.png"; sourceTree = "<group>"; };
		91BE4421C2E84CE8A6264197 /* Pods.xcconfig */ = {isa = PBXFileReference; includeInIndex = 1; lastKnownFileType = text.xcconfig; name = Pods.xcconfig; path = Pods/Pods.xcconfig; sourceTree = "<group>"; };
		B39E5BBCC8074B6380BF3396 /* libPods.a */ = {isa = PBXFileReference; explicitFileType = archive.ar; includeInIndex = 0; path = libPods.a; sourceTree = BUILT_PRODUCTS_DIR; };
		DA1B7B8719BB05C900D28643 /* MyPlayDateViewController.swift */ = {isa = PBXFileReference; fileEncoding = 4; lastKnownFileType = sourcecode.swift; path = MyPlayDateViewController.swift; sourceTree = "<group>"; };
		DA50683419BB11FA007B1C02 /* MessagesViewController.swift */ = {isa = PBXFileReference; fileEncoding = 4; lastKnownFileType = sourcecode.swift; path = MessagesViewController.swift; sourceTree = "<group>"; };
		DA50683619BB12D4007B1C02 /* ComposeMessageViewController.swift */ = {isa = PBXFileReference; fileEncoding = 4; lastKnownFileType = sourcecode.swift; path = ComposeMessageViewController.swift; sourceTree = "<group>"; };
/* End PBXFileReference section */

/* Begin PBXFrameworksBuildPhase section */
		786ABE8D19B9685D006EFA96 /* Frameworks */ = {
			isa = PBXFrameworksBuildPhase;
			buildActionMask = 2147483647;
			files = (
				6898E2E64ECB416FBED9B3BE /* libPods.a in Frameworks */,
			);
			runOnlyForDeploymentPostprocessing = 0;
		};
		786ABEA219B9685D006EFA96 /* Frameworks */ = {
			isa = PBXFrameworksBuildPhase;
			buildActionMask = 2147483647;
			files = (
			);
			runOnlyForDeploymentPostprocessing = 0;
		};
/* End PBXFrameworksBuildPhase section */

/* Begin PBXGroup section */
		4AEBD6B219B973A5007E714F /* Model */ = {
			isa = PBXGroup;
			children = (
				4AF5776119BA4BFB006D2DDF /* Protocols */,
				4AEBD6B719B9764F007E714F /* MOExtensions */,
				4AEBD6B319B97414007E714F /* Managed Objects */,
				786ABE9719B9685D006EFA96 /* Wolf_Pack.xcdatamodeld */,
				4AEBD6B819B977A4007E714F /* CoreDataModelManager.swift */,
				4AEBD6BA19B9E5DA007E714F /* ModelUtil.swift */,
				7894840519BAA9F000211104 /* InvitationStatus.swift */,
			);
			name = Model;
			sourceTree = "<group>";
		};
		4AEBD6B319B97414007E714F /* Managed Objects */ = {
			isa = PBXGroup;
			children = (
				4A9B6DC119BA6E19008D3863 /* MOChild.swift */,
				4ADAF5D419BA372300F81B39 /* MOUser.swift */,
				4ADAF5D219BA372300F81B39 /* MOInvitation.swift */,
				4ADAF5D019BA372300F81B39 /* MOPlayDate.swift */,
			);
			name = "Managed Objects";
			sourceTree = "<group>";
		};
		4AEBD6B719B9764F007E714F /* MOExtensions */ = {
			isa = PBXGroup;
			children = (
				4AEBD6BC19BA005D007E714F /* MOUserExtension.swift */,
				4ADAF5B619BA1FC100F81B39 /* MOPlayDateExtension.swift */,
				4ADAF5C219BA25AA00F81B39 /* MOChildExtension.swift */,
				4ADAF5CA19BA2F8300F81B39 /* MOInvitationExtension.swift */,
			);
			name = MOExtensions;
			sourceTree = "<group>";
		};
		4AF5776119BA4BFB006D2DDF /* Protocols */ = {
			isa = PBXGroup;
			children = (
				786ABEBD19BA2344006EFA96 /* FromJSON.swift */,
				4AF5776419BA4D47006D2DDF /* Fetchable.swift */,
			);
			name = Protocols;
			sourceTree = "<group>";
		};
		785E340419BA6F43003D7048 /* Resources */ = {
			isa = PBXGroup;
			children = (
				785E33FE19BA6921003D7048 /* OpenSans-Regular.ttf */,
				785E340019BA6928003D7048 /* OpenSans-Semibold.ttf */,
				785E340519BA6F4E003D7048 /* red-plus@2x.png */,
				785E340719BA6F73003D7048 /* red-plus.png */,
				7894841219BB79AC00211104 /* check.png */,
				7894841819BB79C000211104 /* check@2x.png */,
				7894841319BB79AC00211104 /* menu-blue.png */,
				7894841A19BB79DB00211104 /* menu-blue@2x.png */,
				7894841419BB79AC00211104 /* menu.png */,
				7894841C19BB79E200211104 /* menu@2x.png */,
				78A4BDE619BBA38A0079B1DE /* close-white_10.png */,
				78A4BDE719BBA38A0079B1DE /* close-white_10@2x.png */,
				78A4BDE819BBA38A0079B1DE /* close.png */,
				78A4BDE919BBA38A0079B1DE /* close@2x.png */,
				78A4BDEE19BBAD4F0079B1DE /* badge@2x.png */,
			);
			name = Resources;
			sourceTree = "<group>";
		};
		786ABE8719B9685D006EFA96 = {
			isa = PBXGroup;
			children = (
				786ABE9219B9685D006EFA96 /* Wolf Pack */,
				786ABEA819B9685D006EFA96 /* Wolf PackTests */,
				786ABE9119B9685D006EFA96 /* Products */,
				4AEBD6B419B9750E007E714F /* Wolf Pack-Bridging-Header.h */,
				91BE4421C2E84CE8A6264197 /* Pods.xcconfig */,
				9E57225A806248208FAB0922 /* Frameworks */,
			);
			sourceTree = "<group>";
		};
		786ABE9119B9685D006EFA96 /* Products */ = {
			isa = PBXGroup;
			children = (
				786ABE9019B9685D006EFA96 /* Wolf Pack.app */,
				786ABEA519B9685D006EFA96 /* Wolf PackTests.xctest */,
			);
			name = Products;
			sourceTree = "<group>";
		};
		786ABE9219B9685D006EFA96 /* Wolf Pack */ = {
			isa = PBXGroup;
			children = (
				785E340419BA6F43003D7048 /* Resources */,
				786ABEB819B97869006EFA96 /* Views */,
				786ABEB519B96E96006EFA96 /* Data */,
				4AEBD6B219B973A5007E714F /* Model */,
				786ABE9519B9685D006EFA96 /* AppDelegate.swift */,
				786ABE9A19B9685D006EFA96 /* ViewController.swift */,
				786ABE9F19B9685D006EFA96 /* Images.xcassets */,
				786ABEBF19BA2800006EFA96 /* libs */,
				786ABE9319B9685D006EFA96 /* Supporting Files */,
			);
			path = "Wolf Pack";
			sourceTree = "<group>";
		};
		786ABE9319B9685D006EFA96 /* Supporting Files */ = {
			isa = PBXGroup;
			children = (
				786ABE9419B9685D006EFA96 /* Info.plist */,
			);
			name = "Supporting Files";
			sourceTree = "<group>";
		};
		786ABEA819B9685D006EFA96 /* Wolf PackTests */ = {
			isa = PBXGroup;
			children = (
				786ABEAB19B9685D006EFA96 /* Wolf_PackTests.swift */,
				786ABEA919B9685D006EFA96 /* Supporting Files */,
			);
			path = "Wolf PackTests";
			sourceTree = "<group>";
		};
		786ABEA919B9685D006EFA96 /* Supporting Files */ = {
			isa = PBXGroup;
			children = (
				786ABEAA19B9685D006EFA96 /* Info.plist */,
			);
			name = "Supporting Files";
			sourceTree = "<group>";
		};
		786ABEB519B96E96006EFA96 /* Data */ = {
			isa = PBXGroup;
			children = (
				786ABEB619B96FC9006EFA96 /* MockData.swift */,
			);
			name = Data;
			sourceTree = "<group>";
		};
		786ABEB819B97869006EFA96 /* Views */ = {
			isa = PBXGroup;
			children = (
				7894840D19BB632D00211104 /* Main */,
				7894840F19BB633F00211104 /* Invite Play Date */,
				7894840E19BB633500211104 /* My Play Date */,
				785E33F619BA427A003D7048 /* ChildHeadCell.swift */,
				785E340219BA6BCC003D7048 /* CircleImageView.swift */,
				7894841019BB70F900211104 /* BlurryImageView.swift */,
			);
			name = Views;
			sourceTree = "<group>";
		};
		786ABEBF19BA2800006EFA96 /* libs */ = {
			isa = PBXGroup;
			children = (
				7894842919BB925E00211104 /* iCarousel.h */,
				7894842A19BB925E00211104 /* iCarousel.m */,
				786ABEC019BA2813006EFA96 /* SwiftyJSON.swift */,
			);
			name = libs;
			sourceTree = "<group>";
		};
		7894840D19BB632D00211104 /* Main */ = {
			isa = PBXGroup;
			children = (
				785E33F719BA427A003D7048 /* MainViewController.swift */,
				786ABE9C19B9685D006EFA96 /* Main.storyboard */,
			);
			name = Main;
			sourceTree = "<group>";
		};
		7894840E19BB633500211104 /* My Play Date */ = {
			isa = PBXGroup;
			children = (
				DA1B7B8719BB05C900D28643 /* MyPlayDateViewController.swift */,
				7894840B19BB625100211104 /* MyPlayDate.storyboard */,
				DA50683619BB12D4007B1C02 /* ComposeMessageViewController.swift */,
				DA50683419BB11FA007B1C02 /* MessagesViewController.swift */,
			);
			name = "My Play Date";
			sourceTree = "<group>";
		};
		7894840F19BB633F00211104 /* Invite Play Date */ = {
			isa = PBXGroup;
			children = (
				7894840919BB500D00211104 /* InvitePlayDateViewController.swift */,
				7894840719BB4DF000211104 /* InvitePlayDate.storyboard */,
				7894842619BB8A1400211104 /* WolfPawLayout.swift */,
				7894842019BB843B00211104 /* AWCollectionViewDialLayout.h */,
				7894842119BB843B00211104 /* AWCollectionViewDialLayout.m */,
			);
			name = "Invite Play Date";
			sourceTree = "<group>";
		};
		9E57225A806248208FAB0922 /* Frameworks */ = {
			isa = PBXGroup;
			children = (
				B39E5BBCC8074B6380BF3396 /* libPods.a */,
			);
			name = Frameworks;
			sourceTree = "<group>";
		};
/* End PBXGroup section */

/* Begin PBXNativeTarget section */
		786ABE8F19B9685D006EFA96 /* Wolf Pack */ = {
			isa = PBXNativeTarget;
			buildConfigurationList = 786ABEAF19B9685D006EFA96 /* Build configuration list for PBXNativeTarget "Wolf Pack" */;
			buildPhases = (
				DEE7B4F4923C4350BAFBB7C9 /* Check Pods Manifest.lock */,
				786ABE8C19B9685D006EFA96 /* Sources */,
				786ABE8D19B9685D006EFA96 /* Frameworks */,
				786ABE8E19B9685D006EFA96 /* Resources */,
				12E780F998EF45F18F9A21E6 /* Copy Pods Resources */,
			);
			buildRules = (
			);
			dependencies = (
			);
			name = "Wolf Pack";
			productName = "Wolf Pack";
			productReference = 786ABE9019B9685D006EFA96 /* Wolf Pack.app */;
			productType = "com.apple.product-type.application";
		};
		786ABEA419B9685D006EFA96 /* Wolf PackTests */ = {
			isa = PBXNativeTarget;
			buildConfigurationList = 786ABEB219B9685D006EFA96 /* Build configuration list for PBXNativeTarget "Wolf PackTests" */;
			buildPhases = (
				786ABEA119B9685D006EFA96 /* Sources */,
				786ABEA219B9685D006EFA96 /* Frameworks */,
				786ABEA319B9685D006EFA96 /* Resources */,
			);
			buildRules = (
			);
			dependencies = (
				786ABEA719B9685D006EFA96 /* PBXTargetDependency */,
			);
			name = "Wolf PackTests";
			productName = "Wolf PackTests";
			productReference = 786ABEA519B9685D006EFA96 /* Wolf PackTests.xctest */;
			productType = "com.apple.product-type.bundle.unit-test";
		};
/* End PBXNativeTarget section */

/* Begin PBXProject section */
		786ABE8819B9685D006EFA96 /* Project object */ = {
			isa = PBXProject;
			attributes = {
				LastUpgradeCheck = 0600;
				ORGANIZATIONNAME = "Orbital Labs";
				TargetAttributes = {
					786ABE8F19B9685D006EFA96 = {
						CreatedOnToolsVersion = 6.0;
					};
					786ABEA419B9685D006EFA96 = {
						CreatedOnToolsVersion = 6.0;
						TestTargetID = 786ABE8F19B9685D006EFA96;
					};
				};
			};
			buildConfigurationList = 786ABE8B19B9685D006EFA96 /* Build configuration list for PBXProject "Wolf Pack" */;
			compatibilityVersion = "Xcode 3.2";
			developmentRegion = English;
			hasScannedForEncodings = 0;
			knownRegions = (
				en,
				Base,
			);
			mainGroup = 786ABE8719B9685D006EFA96;
			productRefGroup = 786ABE9119B9685D006EFA96 /* Products */;
			projectDirPath = "";
			projectRoot = "";
			targets = (
				786ABE8F19B9685D006EFA96 /* Wolf Pack */,
				786ABEA419B9685D006EFA96 /* Wolf PackTests */,
			);
		};
/* End PBXProject section */

/* Begin PBXResourcesBuildPhase section */
		786ABE8E19B9685D006EFA96 /* Resources */ = {
			isa = PBXResourcesBuildPhase;
			buildActionMask = 2147483647;
			files = (
				786ABE9E19B9685D006EFA96 /* Main.storyboard in Resources */,
				785E340819BA6F73003D7048 /* red-plus.png in Resources */,
				7894840819BB4DF000211104 /* InvitePlayDate.storyboard in Resources */,
				785E33FF19BA6921003D7048 /* OpenSans-Regular.ttf in Resources */,
				7894841B19BB79DB00211104 /* menu-blue@2x.png in Resources */,
				785E340619BA6F4E003D7048 /* red-plus@2x.png in Resources */,
				78A4BDEB19BBA38A0079B1DE /* close-white_10@2x.png in Resources */,
				7894841D19BB79E200211104 /* menu@2x.png in Resources */,
				7894841519BB79AC00211104 /* check.png in Resources */,
				78A4BDED19BBA38A0079B1DE /* close@2x.png in Resources */,
				7894840C19BB625100211104 /* MyPlayDate.storyboard in Resources */,
				7894841719BB79AC00211104 /* menu.png in Resources */,
				78A4BDEA19BBA38A0079B1DE /* close-white_10.png in Resources */,
				78A4BDEF19BBAD4F0079B1DE /* badge@2x.png in Resources */,
				786ABEA019B9685D006EFA96 /* Images.xcassets in Resources */,
				7894841919BB79C000211104 /* check@2x.png in Resources */,
				7894841619BB79AC00211104 /* menu-blue.png in Resources */,
				78A4BDEC19BBA38A0079B1DE /* close.png in Resources */,
				785E340119BA6928003D7048 /* OpenSans-Semibold.ttf in Resources */,
			);
			runOnlyForDeploymentPostprocessing = 0;
		};
		786ABEA319B9685D006EFA96 /* Resources */ = {
			isa = PBXResourcesBuildPhase;
			buildActionMask = 2147483647;
			files = (
			);
			runOnlyForDeploymentPostprocessing = 0;
		};
/* End PBXResourcesBuildPhase section */

/* Begin PBXShellScriptBuildPhase section */
		12E780F998EF45F18F9A21E6 /* Copy Pods Resources */ = {
			isa = PBXShellScriptBuildPhase;
			buildActionMask = 2147483647;
			files = (
			);
			inputPaths = (
			);
			name = "Copy Pods Resources";
			outputPaths = (
			);
			runOnlyForDeploymentPostprocessing = 0;
			shellPath = /bin/sh;
			shellScript = "\"${SRCROOT}/Pods/Pods-resources.sh\"\n";
			showEnvVarsInLog = 0;
		};
		DEE7B4F4923C4350BAFBB7C9 /* Check Pods Manifest.lock */ = {
			isa = PBXShellScriptBuildPhase;
			buildActionMask = 2147483647;
			files = (
			);
			inputPaths = (
			);
			name = "Check Pods Manifest.lock";
			outputPaths = (
			);
			runOnlyForDeploymentPostprocessing = 0;
			shellPath = /bin/sh;
			shellScript = "diff \"${PODS_ROOT}/../Podfile.lock\" \"${PODS_ROOT}/Manifest.lock\" > /dev/null\nif [[ $? != 0 ]] ; then\n    cat << EOM\nerror: The sandbox is not in sync with the Podfile.lock. Run 'pod install' or update your CocoaPods installation.\nEOM\n    exit 1\nfi\n";
			showEnvVarsInLog = 0;
		};
/* End PBXShellScriptBuildPhase section */

/* Begin PBXSourcesBuildPhase section */
		786ABE8C19B9685D006EFA96 /* Sources */ = {
			isa = PBXSourcesBuildPhase;
			buildActionMask = 2147483647;
			files = (
				7894841119BB70F900211104 /* BlurryImageView.swift in Sources */,
				785E340319BA6BCD003D7048 /* CircleImageView.swift in Sources */,
				4ADAF5D319BA372300F81B39 /* MOInvitation.swift in Sources */,
				4ADAF5B719BA1FC100F81B39 /* MOPlayDateExtension.swift in Sources */,
				4ADAF5D519BA372300F81B39 /* MOUser.swift in Sources */,
				786ABE9B19B9685D006EFA96 /* ViewController.swift in Sources */,
				7894842219BB843B00211104 /* AWCollectionViewDialLayout.m in Sources */,
				7894842B19BB925E00211104 /* iCarousel.m in Sources */,
				786ABEB719B96FC9006EFA96 /* MockData.swift in Sources */,
				4AF5776519BA4D47006D2DDF /* Fetchable.swift in Sources */,
				4ADAF5CB19BA2F8300F81B39 /* MOInvitationExtension.swift in Sources */,
				786ABE9919B9685D006EFA96 /* Wolf_Pack.xcdatamodeld in Sources */,
				4ADAF5C319BA25AA00F81B39 /* MOChildExtension.swift in Sources */,
				785E33F819BA427A003D7048 /* ChildHeadCell.swift in Sources */,
				7894840619BAA9F000211104 /* InvitationStatus.swift in Sources */,
				7894842719BB8A1400211104 /* WolfPawLayout.swift in Sources */,
				4A9B6DC219BA6E19008D3863 /* MOChild.swift in Sources */,
				DA50683719BB12D4007B1C02 /* ComposeMessageViewController.swift in Sources */,
				DA50683519BB11FA007B1C02 /* MessagesViewController.swift in Sources */,
				4AEBD6BB19B9E5DA007E714F /* ModelUtil.swift in Sources */,
				4AEBD6BD19BA005D007E714F /* MOUserExtension.swift in Sources */,
				7894840A19BB500D00211104 /* InvitePlayDateViewController.swift in Sources */,
				4AEBD6B919B977A4007E714F /* CoreDataModelManager.swift in Sources */,
				DA1B7B8819BB05C900D28643 /* MyPlayDateViewController.swift in Sources */,
				786ABE9619B9685D006EFA96 /* AppDelegate.swift in Sources */,
				786ABEC119BA2813006EFA96 /* SwiftyJSON.swift in Sources */,
				786ABEBE19BA2344006EFA96 /* FromJSON.swift in Sources */,
				785E33F919BA427A003D7048 /* MainViewController.swift in Sources */,
				4ADAF5D119BA372300F81B39 /* MOPlayDate.swift in Sources */,
			);
			runOnlyForDeploymentPostprocessing = 0;
		};
		786ABEA119B9685D006EFA96 /* Sources */ = {
			isa = PBXSourcesBuildPhase;
			buildActionMask = 2147483647;
			files = (
				786ABEAC19B9685D006EFA96 /* Wolf_PackTests.swift in Sources */,
			);
			runOnlyForDeploymentPostprocessing = 0;
		};
/* End PBXSourcesBuildPhase section */

/* Begin PBXTargetDependency section */
		786ABEA719B9685D006EFA96 /* PBXTargetDependency */ = {
			isa = PBXTargetDependency;
			target = 786ABE8F19B9685D006EFA96 /* Wolf Pack */;
			targetProxy = 786ABEA619B9685D006EFA96 /* PBXContainerItemProxy */;
		};
/* End PBXTargetDependency section */

/* Begin PBXVariantGroup section */
		786ABE9C19B9685D006EFA96 /* Main.storyboard */ = {
			isa = PBXVariantGroup;
			children = (
				786ABE9D19B9685D006EFA96 /* Base */,
			);
			name = Main.storyboard;
			sourceTree = "<group>";
		};
/* End PBXVariantGroup section */

/* Begin XCBuildConfiguration section */
		786ABEAD19B9685D006EFA96 /* Debug */ = {
			isa = XCBuildConfiguration;
			buildSettings = {
				ALWAYS_SEARCH_USER_PATHS = NO;
				CLANG_CXX_LANGUAGE_STANDARD = "gnu++0x";
				CLANG_CXX_LIBRARY = "libc++";
				CLANG_ENABLE_MODULES = YES;
				CLANG_ENABLE_OBJC_ARC = YES;
				CLANG_WARN_BOOL_CONVERSION = YES;
				CLANG_WARN_CONSTANT_CONVERSION = YES;
				CLANG_WARN_DIRECT_OBJC_ISA_USAGE = YES_ERROR;
				CLANG_WARN_EMPTY_BODY = YES;
				CLANG_WARN_ENUM_CONVERSION = YES;
				CLANG_WARN_INT_CONVERSION = YES;
				CLANG_WARN_OBJC_ROOT_CLASS = YES_ERROR;
				CLANG_WARN_UNREACHABLE_CODE = YES;
				CLANG_WARN__DUPLICATE_METHOD_MATCH = YES;
				"CODE_SIGN_IDENTITY[sdk=iphoneos*]" = "iPhone Developer";
				COPY_PHASE_STRIP = NO;
				ENABLE_STRICT_OBJC_MSGSEND = YES;
				GCC_C_LANGUAGE_STANDARD = gnu99;
				GCC_DYNAMIC_NO_PIC = NO;
				GCC_OPTIMIZATION_LEVEL = 0;
				GCC_PREPROCESSOR_DEFINITIONS = (
					"DEBUG=1",
					"$(inherited)",
				);
				GCC_SYMBOLS_PRIVATE_EXTERN = NO;
				GCC_WARN_64_TO_32_BIT_CONVERSION = YES;
				GCC_WARN_ABOUT_RETURN_TYPE = YES_ERROR;
				GCC_WARN_UNDECLARED_SELECTOR = YES;
				GCC_WARN_UNINITIALIZED_AUTOS = YES_AGGRESSIVE;
				GCC_WARN_UNUSED_FUNCTION = YES;
				GCC_WARN_UNUSED_VARIABLE = YES;
				IPHONEOS_DEPLOYMENT_TARGET = 8.0;
				MTL_ENABLE_DEBUG_INFO = YES;
				ONLY_ACTIVE_ARCH = YES;
				SDKROOT = iphoneos;
				SWIFT_OPTIMIZATION_LEVEL = "-Onone";
			};
			name = Debug;
		};
		786ABEAE19B9685D006EFA96 /* Release */ = {
			isa = XCBuildConfiguration;
			buildSettings = {
				ALWAYS_SEARCH_USER_PATHS = NO;
				CLANG_CXX_LANGUAGE_STANDARD = "gnu++0x";
				CLANG_CXX_LIBRARY = "libc++";
				CLANG_ENABLE_MODULES = YES;
				CLANG_ENABLE_OBJC_ARC = YES;
				CLANG_WARN_BOOL_CONVERSION = YES;
				CLANG_WARN_CONSTANT_CONVERSION = YES;
				CLANG_WARN_DIRECT_OBJC_ISA_USAGE = YES_ERROR;
				CLANG_WARN_EMPTY_BODY = YES;
				CLANG_WARN_ENUM_CONVERSION = YES;
				CLANG_WARN_INT_CONVERSION = YES;
				CLANG_WARN_OBJC_ROOT_CLASS = YES_ERROR;
				CLANG_WARN_UNREACHABLE_CODE = YES;
				CLANG_WARN__DUPLICATE_METHOD_MATCH = YES;
				"CODE_SIGN_IDENTITY[sdk=iphoneos*]" = "iPhone Developer";
				COPY_PHASE_STRIP = YES;
				ENABLE_NS_ASSERTIONS = NO;
				ENABLE_STRICT_OBJC_MSGSEND = YES;
				GCC_C_LANGUAGE_STANDARD = gnu99;
				GCC_WARN_64_TO_32_BIT_CONVERSION = YES;
				GCC_WARN_ABOUT_RETURN_TYPE = YES_ERROR;
				GCC_WARN_UNDECLARED_SELECTOR = YES;
				GCC_WARN_UNINITIALIZED_AUTOS = YES_AGGRESSIVE;
				GCC_WARN_UNUSED_FUNCTION = YES;
				GCC_WARN_UNUSED_VARIABLE = YES;
				IPHONEOS_DEPLOYMENT_TARGET = 8.0;
				MTL_ENABLE_DEBUG_INFO = NO;
				SDKROOT = iphoneos;
				VALIDATE_PRODUCT = YES;
			};
			name = Release;
		};
		786ABEB019B9685D006EFA96 /* Debug */ = {
			isa = XCBuildConfiguration;
			baseConfigurationReference = 91BE4421C2E84CE8A6264197 /* Pods.xcconfig */;
			buildSettings = {
				ASSETCATALOG_COMPILER_APPICON_NAME = AppIcon;
				ASSETCATALOG_COMPILER_LAUNCHIMAGE_NAME = LaunchImage;
				CLANG_ENABLE_MODULES = YES;
				INFOPLIST_FILE = "Wolf Pack/Info.plist";
				LD_RUNPATH_SEARCH_PATHS = "$(inherited) @executable_path/Frameworks";
				PRODUCT_NAME = "$(TARGET_NAME)";
				SWIFT_OBJC_BRIDGING_HEADER = "Wolf Pack-Bridging-Header.h";
				SWIFT_OPTIMIZATION_LEVEL = "-Onone";
			};
			name = Debug;
		};
		786ABEB119B9685D006EFA96 /* Release */ = {
			isa = XCBuildConfiguration;
			baseConfigurationReference = 91BE4421C2E84CE8A6264197 /* Pods.xcconfig */;
			buildSettings = {
				ASSETCATALOG_COMPILER_APPICON_NAME = AppIcon;
				ASSETCATALOG_COMPILER_LAUNCHIMAGE_NAME = LaunchImage;
				CLANG_ENABLE_MODULES = YES;
				INFOPLIST_FILE = "Wolf Pack/Info.plist";
				LD_RUNPATH_SEARCH_PATHS = "$(inherited) @executable_path/Frameworks";
				PRODUCT_NAME = "$(TARGET_NAME)";
				SWIFT_OBJC_BRIDGING_HEADER = "Wolf Pack-Bridging-Header.h";
			};
			name = Release;
		};
		786ABEB319B9685D006EFA96 /* Debug */ = {
			isa = XCBuildConfiguration;
			buildSettings = {
				BUNDLE_LOADER = "$(TEST_HOST)";
				FRAMEWORK_SEARCH_PATHS = (
					"$(SDKROOT)/Developer/Library/Frameworks",
					"$(inherited)",
				);
				GCC_PREPROCESSOR_DEFINITIONS = (
					"DEBUG=1",
					"$(inherited)",
				);
				INFOPLIST_FILE = "Wolf PackTests/Info.plist";
				LD_RUNPATH_SEARCH_PATHS = "$(inherited) @executable_path/Frameworks @loader_path/Frameworks";
				PRODUCT_NAME = "$(TARGET_NAME)";
				TEST_HOST = "$(BUILT_PRODUCTS_DIR)/Wolf Pack.app/Wolf Pack";
			};
			name = Debug;
		};
		786ABEB419B9685D006EFA96 /* Release */ = {
			isa = XCBuildConfiguration;
			buildSettings = {
				BUNDLE_LOADER = "$(TEST_HOST)";
				FRAMEWORK_SEARCH_PATHS = (
					"$(SDKROOT)/Developer/Library/Frameworks",
					"$(inherited)",
				);
				INFOPLIST_FILE = "Wolf PackTests/Info.plist";
				LD_RUNPATH_SEARCH_PATHS = "$(inherited) @executable_path/Frameworks @loader_path/Frameworks";
				PRODUCT_NAME = "$(TARGET_NAME)";
				TEST_HOST = "$(BUILT_PRODUCTS_DIR)/Wolf Pack.app/Wolf Pack";
			};
			name = Release;
		};
/* End XCBuildConfiguration section */

/* Begin XCConfigurationList section */
		786ABE8B19B9685D006EFA96 /* Build configuration list for PBXProject "Wolf Pack" */ = {
			isa = XCConfigurationList;
			buildConfigurations = (
				786ABEAD19B9685D006EFA96 /* Debug */,
				786ABEAE19B9685D006EFA96 /* Release */,
			);
			defaultConfigurationIsVisible = 0;
			defaultConfigurationName = Release;
		};
		786ABEAF19B9685D006EFA96 /* Build configuration list for PBXNativeTarget "Wolf Pack" */ = {
			isa = XCConfigurationList;
			buildConfigurations = (
				786ABEB019B9685D006EFA96 /* Debug */,
				786ABEB119B9685D006EFA96 /* Release */,
			);
			defaultConfigurationIsVisible = 0;
			defaultConfigurationName = Release;
		};
		786ABEB219B9685D006EFA96 /* Build configuration list for PBXNativeTarget "Wolf PackTests" */ = {
			isa = XCConfigurationList;
			buildConfigurations = (
				786ABEB319B9685D006EFA96 /* Debug */,
				786ABEB419B9685D006EFA96 /* Release */,
			);
			defaultConfigurationIsVisible = 0;
			defaultConfigurationName = Release;
		};
/* End XCConfigurationList section */

/* Begin XCVersionGroup section */
		786ABE9719B9685D006EFA96 /* Wolf_Pack.xcdatamodeld */ = {
			isa = XCVersionGroup;
			children = (
				786ABE9819B9685D006EFA96 /* Wolf_Pack.xcdatamodel */,
			);
			currentVersion = 786ABE9819B9685D006EFA96 /* Wolf_Pack.xcdatamodel */;
			path = Wolf_Pack.xcdatamodeld;
			sourceTree = "<group>";
			versionGroupType = wrapper.xcdatamodel;
		};
/* End XCVersionGroup section */
	};
	rootObject = 786ABE8819B9685D006EFA96 /* Project object */;
}
