// !$*UTF8*$!
{
	archiveVersion = 1;
	classes = {
	};
	objectVersion = 46;
	objects = {

/* Begin PBXBuildFile section */
		4ADAF5B719BA1FC100F81B39 /* MOPlayDateExtension.swift in Sources */ = {isa = PBXBuildFile; fileRef = 4ADAF5B619BA1FC100F81B39 /* MOPlayDateExtension.swift */; };
		4ADAF5BD19BA257800F81B39 /* MOChild.swift in Sources */ = {isa = PBXBuildFile; fileRef = 4ADAF5BC19BA257800F81B39 /* MOChild.swift */; };
		4ADAF5BF19BA257800F81B39 /* MOPlayDate.swift in Sources */ = {isa = PBXBuildFile; fileRef = 4ADAF5BE19BA257800F81B39 /* MOPlayDate.swift */; };
		4ADAF5C119BA257800F81B39 /* MOUser.swift in Sources */ = {isa = PBXBuildFile; fileRef = 4ADAF5C019BA257800F81B39 /* MOUser.swift */; };
		4ADAF5C319BA25AA00F81B39 /* MOChildExtension.swift in Sources */ = {isa = PBXBuildFile; fileRef = 4ADAF5C219BA25AA00F81B39 /* MOChildExtension.swift */; };
		4AEBD6B919B977A4007E714F /* CoreDataModelManager.swift in Sources */ = {isa = PBXBuildFile; fileRef = 4AEBD6B819B977A4007E714F /* CoreDataModelManager.swift */; };
		4AEBD6BB19B9E5DA007E714F /* ModelUtil.swift in Sources */ = {isa = PBXBuildFile; fileRef = 4AEBD6BA19B9E5DA007E714F /* ModelUtil.swift */; };
		4AEBD6BD19BA005D007E714F /* MOUserExtension.swift in Sources */ = {isa = PBXBuildFile; fileRef = 4AEBD6BC19BA005D007E714F /* MOUserExtension.swift */; };
		786ABE9619B9685D006EFA96 /* AppDelegate.swift in Sources */ = {isa = PBXBuildFile; fileRef = 786ABE9519B9685D006EFA96 /* AppDelegate.swift */; };
		786ABE9919B9685D006EFA96 /* Wolf_Pack.xcdatamodeld in Sources */ = {isa = PBXBuildFile; fileRef = 786ABE9719B9685D006EFA96 /* Wolf_Pack.xcdatamodeld */; };
		786ABE9B19B9685D006EFA96 /* ViewController.swift in Sources */ = {isa = PBXBuildFile; fileRef = 786ABE9A19B9685D006EFA96 /* ViewController.swift */; };
		786ABE9E19B9685D006EFA96 /* Main.storyboard in Resources */ = {isa = PBXBuildFile; fileRef = 786ABE9C19B9685D006EFA96 /* Main.storyboard */; };
		786ABEA019B9685D006EFA96 /* Images.xcassets in Resources */ = {isa = PBXBuildFile; fileRef = 786ABE9F19B9685D006EFA96 /* Images.xcassets */; };
		786ABEAC19B9685D006EFA96 /* Wolf_PackTests.swift in Sources */ = {isa = PBXBuildFile; fileRef = 786ABEAB19B9685D006EFA96 /* Wolf_PackTests.swift */; };
		786ABEB719B96FC9006EFA96 /* MockData.swift in Sources */ = {isa = PBXBuildFile; fileRef = 786ABEB619B96FC9006EFA96 /* MockData.swift */; };
		786ABEBA19B9788C006EFA96 /* PlayDatesViewController.swift in Sources */ = {isa = PBXBuildFile; fileRef = 786ABEB919B9788C006EFA96 /* PlayDatesViewController.swift */; };
		786ABEBC19BA0E73006EFA96 /* PlayDateViewController.swift in Sources */ = {isa = PBXBuildFile; fileRef = 786ABEBB19BA0E73006EFA96 /* PlayDateViewController.swift */; };
		786ABEBE19BA2344006EFA96 /* FromJSON.swift in Sources */ = {isa = PBXBuildFile; fileRef = 786ABEBD19BA2344006EFA96 /* FromJSON.swift */; };
		786ABEC119BA2813006EFA96 /* SwiftyJSON.swift in Sources */ = {isa = PBXBuildFile; fileRef = 786ABEC019BA2813006EFA96 /* SwiftyJSON.swift */; };
/* End PBXBuildFile section */

/* Begin PBXContainerItemProxy section */
		786ABEA619B9685D006EFA96 /* PBXContainerItemProxy */ = {
			isa = PBXContainerItemProxy;
			containerPortal = 786ABE8819B9685D006EFA96 /* Project object */;
			proxyType = 1;
			remoteGlobalIDString = 786ABE8F19B9685D006EFA96;
			remoteInfo = "Wolf Pack";
		};
/* End PBXContainerItemProxy section */

/* Begin PBXFileReference section */
		4ADAF5B619BA1FC100F81B39 /* MOPlayDateExtension.swift */ = {isa = PBXFileReference; fileEncoding = 4; lastKnownFileType = sourcecode.swift; path = MOPlayDateExtension.swift; sourceTree = "<group>"; };
		4ADAF5BC19BA257800F81B39 /* MOChild.swift */ = {isa = PBXFileReference; fileEncoding = 4; lastKnownFileType = sourcecode.swift; path = MOChild.swift; sourceTree = "<group>"; };
		4ADAF5BE19BA257800F81B39 /* MOPlayDate.swift */ = {isa = PBXFileReference; fileEncoding = 4; lastKnownFileType = sourcecode.swift; path = MOPlayDate.swift; sourceTree = "<group>"; };
		4ADAF5C019BA257800F81B39 /* MOUser.swift */ = {isa = PBXFileReference; fileEncoding = 4; lastKnownFileType = sourcecode.swift; path = MOUser.swift; sourceTree = "<group>"; };
		4ADAF5C219BA25AA00F81B39 /* MOChildExtension.swift */ = {isa = PBXFileReference; fileEncoding = 4; lastKnownFileType = sourcecode.swift; path = MOChildExtension.swift; sourceTree = "<group>"; };
		4AEBD6B419B9750E007E714F /* Wolf Pack-Bridging-Header.h */ = {isa = PBXFileReference; lastKnownFileType = sourcecode.c.h; path = "Wolf Pack-Bridging-Header.h"; sourceTree = "<group>"; };
		4AEBD6B819B977A4007E714F /* CoreDataModelManager.swift */ = {isa = PBXFileReference; fileEncoding = 4; lastKnownFileType = sourcecode.swift; path = CoreDataModelManager.swift; sourceTree = "<group>"; };
		4AEBD6BA19B9E5DA007E714F /* ModelUtil.swift */ = {isa = PBXFileReference; fileEncoding = 4; lastKnownFileType = sourcecode.swift; path = ModelUtil.swift; sourceTree = "<group>"; };
		4AEBD6BC19BA005D007E714F /* MOUserExtension.swift */ = {isa = PBXFileReference; fileEncoding = 4; lastKnownFileType = sourcecode.swift; path = MOUserExtension.swift; sourceTree = "<group>"; };
		786ABE9019B9685D006EFA96 /* Wolf Pack.app */ = {isa = PBXFileReference; explicitFileType = wrapper.application; includeInIndex = 0; path = "Wolf Pack.app"; sourceTree = BUILT_PRODUCTS_DIR; };
		786ABE9419B9685D006EFA96 /* Info.plist */ = {isa = PBXFileReference; lastKnownFileType = text.plist.xml; path = Info.plist; sourceTree = "<group>"; };
		786ABE9519B9685D006EFA96 /* AppDelegate.swift */ = {isa = PBXFileReference; lastKnownFileType = sourcecode.swift; path = AppDelegate.swift; sourceTree = "<group>"; };
		786ABE9819B9685D006EFA96 /* Wolf_Pack.xcdatamodel */ = {isa = PBXFileReference; lastKnownFileType = wrapper.xcdatamodel; path = Wolf_Pack.xcdatamodel; sourceTree = "<group>"; };
		786ABE9A19B9685D006EFA96 /* ViewController.swift */ = {isa = PBXFileReference; lastKnownFileType = sourcecode.swift; path = ViewController.swift; sourceTree = "<group>"; };
		786ABE9D19B9685D006EFA96 /* Base */ = {isa = PBXFileReference; lastKnownFileType = file.storyboard; name = Base; path = Base.lproj/Main.storyboard; sourceTree = "<group>"; };
		786ABE9F19B9685D006EFA96 /* Images.xcassets */ = {isa = PBXFileReference; lastKnownFileType = folder.assetcatalog; path = Images.xcassets; sourceTree = "<group>"; };
		786ABEA519B9685D006EFA96 /* Wolf PackTests.xctest */ = {isa = PBXFileReference; explicitFileType = wrapper.cfbundle; includeInIndex = 0; path = "Wolf PackTests.xctest"; sourceTree = BUILT_PRODUCTS_DIR; };
		786ABEAA19B9685D006EFA96 /* Info.plist */ = {isa = PBXFileReference; lastKnownFileType = text.plist.xml; path = Info.plist; sourceTree = "<group>"; };
		786ABEAB19B9685D006EFA96 /* Wolf_PackTests.swift */ = {isa = PBXFileReference; lastKnownFileType = sourcecode.swift; path = Wolf_PackTests.swift; sourceTree = "<group>"; };
		786ABEB619B96FC9006EFA96 /* MockData.swift */ = {isa = PBXFileReference; fileEncoding = 4; lastKnownFileType = sourcecode.swift; path = MockData.swift; sourceTree = "<group>"; };
		786ABEB919B9788C006EFA96 /* PlayDatesViewController.swift */ = {isa = PBXFileReference; fileEncoding = 4; lastKnownFileType = sourcecode.swift; path = PlayDatesViewController.swift; sourceTree = "<group>"; };
		786ABEBB19BA0E73006EFA96 /* PlayDateViewController.swift */ = {isa = PBXFileReference; fileEncoding = 4; lastKnownFileType = sourcecode.swift; path = PlayDateViewController.swift; sourceTree = "<group>"; };
		786ABEBD19BA2344006EFA96 /* FromJSON.swift */ = {isa = PBXFileReference; fileEncoding = 4; lastKnownFileType = sourcecode.swift; path = FromJSON.swift; sourceTree = "<group>"; };
		786ABEC019BA2813006EFA96 /* SwiftyJSON.swift */ = {isa = PBXFileReference; fileEncoding = 4; lastKnownFileType = sourcecode.swift; path = SwiftyJSON.swift; sourceTree = "<group>"; };
/* End PBXFileReference section */

/* Begin PBXFrameworksBuildPhase section */
		786ABE8D19B9685D006EFA96 /* Frameworks */ = {
			isa = PBXFrameworksBuildPhase;
			buildActionMask = 2147483647;
			files = (
			);
			runOnlyForDeploymentPostprocessing = 0;
		};
		786ABEA219B9685D006EFA96 /* Frameworks */ = {
			isa = PBXFrameworksBuildPhase;
			buildActionMask = 2147483647;
			files = (
			);
			runOnlyForDeploymentPostprocessing = 0;
		};
/* End PBXFrameworksBuildPhase section */

/* Begin PBXGroup section */
		4AEBD6B219B973A5007E714F /* Model */ = {
			isa = PBXGroup;
			children = (
				4AEBD6B719B9764F007E714F /* MOExtensions */,
				4AEBD6B319B97414007E714F /* Managed Objects */,
				786ABE9719B9685D006EFA96 /* Wolf_Pack.xcdatamodeld */,
				4AEBD6B819B977A4007E714F /* CoreDataModelManager.swift */,
				4AEBD6BA19B9E5DA007E714F /* ModelUtil.swift */,
			);
			name = Model;
			sourceTree = "<group>";
		};
		4AEBD6B319B97414007E714F /* Managed Objects */ = {
			isa = PBXGroup;
			children = (
				4ADAF5C019BA257800F81B39 /* MOUser.swift */,
				4ADAF5BE19BA257800F81B39 /* MOPlayDate.swift */,
				4ADAF5BC19BA257800F81B39 /* MOChild.swift */,
			);
			name = "Managed Objects";
			sourceTree = "<group>";
		};
		4AEBD6B719B9764F007E714F /* MOExtensions */ = {
			isa = PBXGroup;
			children = (
				4AEBD6BC19BA005D007E714F /* MOUserExtension.swift */,
				4ADAF5B619BA1FC100F81B39 /* MOPlayDateExtension.swift */,
				4ADAF5C219BA25AA00F81B39 /* MOChildExtension.swift */,
				786ABEBD19BA2344006EFA96 /* FromJSON.swift */,
			);
			name = MOExtensions;
			sourceTree = "<group>";
		};
		786ABE8719B9685D006EFA96 = {
			isa = PBXGroup;
			children = (
				786ABE9219B9685D006EFA96 /* Wolf Pack */,
				786ABEA819B9685D006EFA96 /* Wolf PackTests */,
				786ABE9119B9685D006EFA96 /* Products */,
				4AEBD6B419B9750E007E714F /* Wolf Pack-Bridging-Header.h */,
			);
			sourceTree = "<group>";
		};
		786ABE9119B9685D006EFA96 /* Products */ = {
			isa = PBXGroup;
			children = (
				786ABE9019B9685D006EFA96 /* Wolf Pack.app */,
				786ABEA519B9685D006EFA96 /* Wolf PackTests.xctest */,
			);
			name = Products;
			sourceTree = "<group>";
		};
		786ABE9219B9685D006EFA96 /* Wolf Pack */ = {
			isa = PBXGroup;
			children = (
				786ABEB819B97869006EFA96 /* Views */,
				786ABEB519B96E96006EFA96 /* Data */,
				4AEBD6B219B973A5007E714F /* Model */,
				786ABE9519B9685D006EFA96 /* AppDelegate.swift */,
				786ABE9A19B9685D006EFA96 /* ViewController.swift */,
				786ABE9C19B9685D006EFA96 /* Main.storyboard */,
				786ABE9F19B9685D006EFA96 /* Images.xcassets */,
				786ABEBF19BA2800006EFA96 /* libs */,
				786ABE9319B9685D006EFA96 /* Supporting Files */,
			);
			path = "Wolf Pack";
			sourceTree = "<group>";
		};
		786ABE9319B9685D006EFA96 /* Supporting Files */ = {
			isa = PBXGroup;
			children = (
				786ABE9419B9685D006EFA96 /* Info.plist */,
			);
			name = "Supporting Files";
			sourceTree = "<group>";
		};
		786ABEA819B9685D006EFA96 /* Wolf PackTests */ = {
			isa = PBXGroup;
			children = (
				786ABEAB19B9685D006EFA96 /* Wolf_PackTests.swift */,
				786ABEA919B9685D006EFA96 /* Supporting Files */,
			);
			path = "Wolf PackTests";
			sourceTree = "<group>";
		};
		786ABEA919B9685D006EFA96 /* Supporting Files */ = {
			isa = PBXGroup;
			children = (
				786ABEAA19B9685D006EFA96 /* Info.plist */,
			);
			name = "Supporting Files";
			sourceTree = "<group>";
		};
		786ABEB519B96E96006EFA96 /* Data */ = {
			isa = PBXGroup;
			children = (
				786ABEB619B96FC9006EFA96 /* MockData.swift */,
			);
			name = Data;
			sourceTree = "<group>";
		};
		786ABEB819B97869006EFA96 /* Views */ = {
			isa = PBXGroup;
			children = (
				786ABEB919B9788C006EFA96 /* PlayDatesViewController.swift */,
				786ABEBB19BA0E73006EFA96 /* PlayDateViewController.swift */,
			);
			name = Views;
			sourceTree = "<group>";
		};
		786ABEBF19BA2800006EFA96 /* libs */ = {
			isa = PBXGroup;
			children = (
				786ABEC019BA2813006EFA96 /* SwiftyJSON.swift */,
			);
			name = libs;
			sourceTree = "<group>";
		};
/* End PBXGroup section */

/* Begin PBXNativeTarget section */
		786ABE8F19B9685D006EFA96 /* Wolf Pack */ = {
			isa = PBXNativeTarget;
			buildConfigurationList = 786ABEAF19B9685D006EFA96 /* Build configuration list for PBXNativeTarget "Wolf Pack" */;
			buildPhases = (
				786ABE8C19B9685D006EFA96 /* Sources */,
				786ABE8D19B9685D006EFA96 /* Frameworks */,
				786ABE8E19B9685D006EFA96 /* Resources */,
			);
			buildRules = (
			);
			dependencies = (
			);
			name = "Wolf Pack";
			productName = "Wolf Pack";
			productReference = 786ABE9019B9685D006EFA96 /* Wolf Pack.app */;
			productType = "com.apple.product-type.application";
		};
		786ABEA419B9685D006EFA96 /* Wolf PackTests */ = {
			isa = PBXNativeTarget;
			buildConfigurationList = 786ABEB219B9685D006EFA96 /* Build configuration list for PBXNativeTarget "Wolf PackTests" */;
			buildPhases = (
				786ABEA119B9685D006EFA96 /* Sources */,
				786ABEA219B9685D006EFA96 /* Frameworks */,
				786ABEA319B9685D006EFA96 /* Resources */,
			);
			buildRules = (
			);
			dependencies = (
				786ABEA719B9685D006EFA96 /* PBXTargetDependency */,
			);
			name = "Wolf PackTests";
			productName = "Wolf PackTests";
			productReference = 786ABEA519B9685D006EFA96 /* Wolf PackTests.xctest */;
			productType = "com.apple.product-type.bundle.unit-test";
		};
/* End PBXNativeTarget section */

/* Begin PBXProject section */
		786ABE8819B9685D006EFA96 /* Project object */ = {
			isa = PBXProject;
			attributes = {
				LastUpgradeCheck = 0600;
				ORGANIZATIONNAME = "Orbital Labs";
				TargetAttributes = {
					786ABE8F19B9685D006EFA96 = {
						CreatedOnToolsVersion = 6.0;
					};
					786ABEA419B9685D006EFA96 = {
						CreatedOnToolsVersion = 6.0;
						TestTargetID = 786ABE8F19B9685D006EFA96;
					};
				};
			};
			buildConfigurationList = 786ABE8B19B9685D006EFA96 /* Build configuration list for PBXProject "Wolf Pack" */;
			compatibilityVersion = "Xcode 3.2";
			developmentRegion = English;
			hasScannedForEncodings = 0;
			knownRegions = (
				en,
				Base,
			);
			mainGroup = 786ABE8719B9685D006EFA96;
			productRefGroup = 786ABE9119B9685D006EFA96 /* Products */;
			projectDirPath = "";
			projectRoot = "";
			targets = (
				786ABE8F19B9685D006EFA96 /* Wolf Pack */,
				786ABEA419B9685D006EFA96 /* Wolf PackTests */,
			);
		};
/* End PBXProject section */

/* Begin PBXResourcesBuildPhase section */
		786ABE8E19B9685D006EFA96 /* Resources */ = {
			isa = PBXResourcesBuildPhase;
			buildActionMask = 2147483647;
			files = (
				786ABE9E19B9685D006EFA96 /* Main.storyboard in Resources */,
				786ABEA019B9685D006EFA96 /* Images.xcassets in Resources */,
			);
			runOnlyForDeploymentPostprocessing = 0;
		};
		786ABEA319B9685D006EFA96 /* Resources */ = {
			isa = PBXResourcesBuildPhase;
			buildActionMask = 2147483647;
			files = (
			);
			runOnlyForDeploymentPostprocessing = 0;
		};
/* End PBXResourcesBuildPhase section */

/* Begin PBXSourcesBuildPhase section */
		786ABE8C19B9685D006EFA96 /* Sources */ = {
			isa = PBXSourcesBuildPhase;
			buildActionMask = 2147483647;
			files = (
				4ADAF5BD19BA257800F81B39 /* MOChild.swift in Sources */,
				4ADAF5B719BA1FC100F81B39 /* MOPlayDateExtension.swift in Sources */,
				786ABE9B19B9685D006EFA96 /* ViewController.swift in Sources */,
				786ABEB719B96FC9006EFA96 /* MockData.swift in Sources */,
				786ABEBC19BA0E73006EFA96 /* PlayDateViewController.swift in Sources */,
				786ABE9919B9685D006EFA96 /* Wolf_Pack.xcdatamodeld in Sources */,
				4ADAF5C319BA25AA00F81B39 /* MOChildExtension.swift in Sources */,
				786ABEBA19B9788C006EFA96 /* PlayDatesViewController.swift in Sources */,
				4ADAF5C119BA257800F81B39 /* MOUser.swift in Sources */,
				4ADAF5BF19BA257800F81B39 /* MOPlayDate.swift in Sources */,
				4AEBD6BB19B9E5DA007E714F /* ModelUtil.swift in Sources */,
				4AEBD6BD19BA005D007E714F /* MOUserExtension.swift in Sources */,
				4AEBD6B919B977A4007E714F /* CoreDataModelManager.swift in Sources */,
				786ABE9619B9685D006EFA96 /* AppDelegate.swift in Sources */,
				786ABEC119BA2813006EFA96 /* SwiftyJSON.swift in Sources */,
				786ABEBE19BA2344006EFA96 /* FromJSON.swift in Sources */,
			);
			runOnlyForDeploymentPostprocessing = 0;
		};
		786ABEA119B9685D006EFA96 /* Sources */ = {
			isa = PBXSourcesBuildPhase;
			buildActionMask = 2147483647;
			files = (
				786ABEAC19B9685D006EFA96 /* Wolf_PackTests.swift in Sources */,
			);
			runOnlyForDeploymentPostprocessing = 0;
		};
/* End PBXSourcesBuildPhase section */

/* Begin PBXTargetDependency section */
		786ABEA719B9685D006EFA96 /* PBXTargetDependency */ = {
			isa = PBXTargetDependency;
			target = 786ABE8F19B9685D006EFA96 /* Wolf Pack */;
			targetProxy = 786ABEA619B9685D006EFA96 /* PBXContainerItemProxy */;
		};
/* End PBXTargetDependency section */

/* Begin PBXVariantGroup section */
		786ABE9C19B9685D006EFA96 /* Main.storyboard */ = {
			isa = PBXVariantGroup;
			children = (
				786ABE9D19B9685D006EFA96 /* Base */,
			);
			name = Main.storyboard;
			sourceTree = "<group>";
		};
/* End PBXVariantGroup section */

/* Begin XCBuildConfiguration section */
		786ABEAD19B9685D006EFA96 /* Debug */ = {
			isa = XCBuildConfiguration;
			buildSettings = {
				ALWAYS_SEARCH_USER_PATHS = NO;
				CLANG_CXX_LANGUAGE_STANDARD = "gnu++0x";
				CLANG_CXX_LIBRARY = "libc++";
				CLANG_ENABLE_MODULES = YES;
				CLANG_ENABLE_OBJC_ARC = YES;
				CLANG_WARN_BOOL_CONVERSION = YES;
				CLANG_WARN_CONSTANT_CONVERSION = YES;
				CLANG_WARN_DIRECT_OBJC_ISA_USAGE = YES_ERROR;
				CLANG_WARN_EMPTY_BODY = YES;
				CLANG_WARN_ENUM_CONVERSION = YES;
				CLANG_WARN_INT_CONVERSION = YES;
				CLANG_WARN_OBJC_ROOT_CLASS = YES_ERROR;
				CLANG_WARN_UNREACHABLE_CODE = YES;
				CLANG_WARN__DUPLICATE_METHOD_MATCH = YES;
				"CODE_SIGN_IDENTITY[sdk=iphoneos*]" = "iPhone Developer";
				COPY_PHASE_STRIP = NO;
				ENABLE_STRICT_OBJC_MSGSEND = YES;
				GCC_C_LANGUAGE_STANDARD = gnu99;
				GCC_DYNAMIC_NO_PIC = NO;
				GCC_OPTIMIZATION_LEVEL = 0;
				GCC_PREPROCESSOR_DEFINITIONS = (
					"DEBUG=1",
					"$(inherited)",
				);
				GCC_SYMBOLS_PRIVATE_EXTERN = NO;
				GCC_WARN_64_TO_32_BIT_CONVERSION = YES;
				GCC_WARN_ABOUT_RETURN_TYPE = YES_ERROR;
				GCC_WARN_UNDECLARED_SELECTOR = YES;
				GCC_WARN_UNINITIALIZED_AUTOS = YES_AGGRESSIVE;
				GCC_WARN_UNUSED_FUNCTION = YES;
				GCC_WARN_UNUSED_VARIABLE = YES;
				IPHONEOS_DEPLOYMENT_TARGET = 8.0;
				MTL_ENABLE_DEBUG_INFO = YES;
				ONLY_ACTIVE_ARCH = YES;
				SDKROOT = iphoneos;
				SWIFT_OPTIMIZATION_LEVEL = "-Onone";
			};
			name = Debug;
		};
		786ABEAE19B9685D006EFA96 /* Release */ = {
			isa = XCBuildConfiguration;
			buildSettings = {
				ALWAYS_SEARCH_USER_PATHS = NO;
				CLANG_CXX_LANGUAGE_STANDARD = "gnu++0x";
				CLANG_CXX_LIBRARY = "libc++";
				CLANG_ENABLE_MODULES = YES;
				CLANG_ENABLE_OBJC_ARC = YES;
				CLANG_WARN_BOOL_CONVERSION = YES;
				CLANG_WARN_CONSTANT_CONVERSION = YES;
				CLANG_WARN_DIRECT_OBJC_ISA_USAGE = YES_ERROR;
				CLANG_WARN_EMPTY_BODY = YES;
				CLANG_WARN_ENUM_CONVERSION = YES;
				CLANG_WARN_INT_CONVERSION = YES;
				CLANG_WARN_OBJC_ROOT_CLASS = YES_ERROR;
				CLANG_WARN_UNREACHABLE_CODE = YES;
				CLANG_WARN__DUPLICATE_METHOD_MATCH = YES;
				"CODE_SIGN_IDENTITY[sdk=iphoneos*]" = "iPhone Developer";
				COPY_PHASE_STRIP = YES;
				ENABLE_NS_ASSERTIONS = NO;
				ENABLE_STRICT_OBJC_MSGSEND = YES;
				GCC_C_LANGUAGE_STANDARD = gnu99;
				GCC_WARN_64_TO_32_BIT_CONVERSION = YES;
				GCC_WARN_ABOUT_RETURN_TYPE = YES_ERROR;
				GCC_WARN_UNDECLARED_SELECTOR = YES;
				GCC_WARN_UNINITIALIZED_AUTOS = YES_AGGRESSIVE;
				GCC_WARN_UNUSED_FUNCTION = YES;
				GCC_WARN_UNUSED_VARIABLE = YES;
				IPHONEOS_DEPLOYMENT_TARGET = 8.0;
				MTL_ENABLE_DEBUG_INFO = NO;
				SDKROOT = iphoneos;
				VALIDATE_PRODUCT = YES;
			};
			name = Release;
		};
		786ABEB019B9685D006EFA96 /* Debug */ = {
			isa = XCBuildConfiguration;
			buildSettings = {
				ASSETCATALOG_COMPILER_APPICON_NAME = AppIcon;
				ASSETCATALOG_COMPILER_LAUNCHIMAGE_NAME = LaunchImage;
				CLANG_ENABLE_MODULES = YES;
				INFOPLIST_FILE = "Wolf Pack/Info.plist";
				LD_RUNPATH_SEARCH_PATHS = "$(inherited) @executable_path/Frameworks";
				PRODUCT_NAME = "$(TARGET_NAME)";
				SWIFT_OBJC_BRIDGING_HEADER = "Wolf Pack-Bridging-Header.h";
				SWIFT_OPTIMIZATION_LEVEL = "-Onone";
			};
			name = Debug;
		};
		786ABEB119B9685D006EFA96 /* Release */ = {
			isa = XCBuildConfiguration;
			buildSettings = {
				ASSETCATALOG_COMPILER_APPICON_NAME = AppIcon;
				ASSETCATALOG_COMPILER_LAUNCHIMAGE_NAME = LaunchImage;
				CLANG_ENABLE_MODULES = YES;
				INFOPLIST_FILE = "Wolf Pack/Info.plist";
				LD_RUNPATH_SEARCH_PATHS = "$(inherited) @executable_path/Frameworks";
				PRODUCT_NAME = "$(TARGET_NAME)";
				SWIFT_OBJC_BRIDGING_HEADER = "Wolf Pack-Bridging-Header.h";
			};
			name = Release;
		};
		786ABEB319B9685D006EFA96 /* Debug */ = {
			isa = XCBuildConfiguration;
			buildSettings = {
				BUNDLE_LOADER = "$(TEST_HOST)";
				FRAMEWORK_SEARCH_PATHS = (
					"$(SDKROOT)/Developer/Library/Frameworks",
					"$(inherited)",
				);
				GCC_PREPROCESSOR_DEFINITIONS = (
					"DEBUG=1",
					"$(inherited)",
				);
				INFOPLIST_FILE = "Wolf PackTests/Info.plist";
				LD_RUNPATH_SEARCH_PATHS = "$(inherited) @executable_path/Frameworks @loader_path/Frameworks";
				PRODUCT_NAME = "$(TARGET_NAME)";
				TEST_HOST = "$(BUILT_PRODUCTS_DIR)/Wolf Pack.app/Wolf Pack";
			};
			name = Debug;
		};
		786ABEB419B9685D006EFA96 /* Release */ = {
			isa = XCBuildConfiguration;
			buildSettings = {
				BUNDLE_LOADER = "$(TEST_HOST)";
				FRAMEWORK_SEARCH_PATHS = (
					"$(SDKROOT)/Developer/Library/Frameworks",
					"$(inherited)",
				);
				INFOPLIST_FILE = "Wolf PackTests/Info.plist";
				LD_RUNPATH_SEARCH_PATHS = "$(inherited) @executable_path/Frameworks @loader_path/Frameworks";
				PRODUCT_NAME = "$(TARGET_NAME)";
				TEST_HOST = "$(BUILT_PRODUCTS_DIR)/Wolf Pack.app/Wolf Pack";
			};
			name = Release;
		};
/* End XCBuildConfiguration section */

/* Begin XCConfigurationList section */
		786ABE8B19B9685D006EFA96 /* Build configuration list for PBXProject "Wolf Pack" */ = {
			isa = XCConfigurationList;
			buildConfigurations = (
				786ABEAD19B9685D006EFA96 /* Debug */,
				786ABEAE19B9685D006EFA96 /* Release */,
			);
			defaultConfigurationIsVisible = 0;
			defaultConfigurationName = Release;
		};
		786ABEAF19B9685D006EFA96 /* Build configuration list for PBXNativeTarget "Wolf Pack" */ = {
			isa = XCConfigurationList;
			buildConfigurations = (
				786ABEB019B9685D006EFA96 /* Debug */,
				786ABEB119B9685D006EFA96 /* Release */,
			);
			defaultConfigurationIsVisible = 0;
			defaultConfigurationName = Release;
		};
		786ABEB219B9685D006EFA96 /* Build configuration list for PBXNativeTarget "Wolf PackTests" */ = {
			isa = XCConfigurationList;
			buildConfigurations = (
				786ABEB319B9685D006EFA96 /* Debug */,
				786ABEB419B9685D006EFA96 /* Release */,
			);
			defaultConfigurationIsVisible = 0;
			defaultConfigurationName = Release;
		};
/* End XCConfigurationList section */

/* Begin XCVersionGroup section */
		786ABE9719B9685D006EFA96 /* Wolf_Pack.xcdatamodeld */ = {
			isa = XCVersionGroup;
			children = (
				786ABE9819B9685D006EFA96 /* Wolf_Pack.xcdatamodel */,
			);
			currentVersion = 786ABE9819B9685D006EFA96 /* Wolf_Pack.xcdatamodel */;
			path = Wolf_Pack.xcdatamodeld;
			sourceTree = "<group>";
			versionGroupType = wrapper.xcdatamodel;
		};
/* End XCVersionGroup section */
	};
	rootObject = 786ABE8819B9685D006EFA96 /* Project object */;
}
